
Microsoft Visual Studio Solution File, Format Version 12.00
# Visual Studio 14
VisualStudioVersion = 14.0.24720.0
MinimumVisualStudioVersion = 10.0.40219.1
Project("{FAE04EC0-301F-11D3-BF4B-00C04F79EFBC}") = "NetSapiensSharp", "src\NetSapiensSharp\NetSapiensSharp.csproj", "{8EF42217-6164-41A1-8560-0DB4A45B6725}"
EndProject
Project("{FAE04EC0-301F-11D3-BF4B-00C04F79EFBC}") = "NetSapiensSharp.Demo", "src\NetSapiensSharp.Demo\NetSapiensSharp.Demo.csproj", "{B37DED19-E9D4-46D1-B8AA-A1A70C3B98BD}"
EndProject
Global
	GlobalSection(SolutionConfigurationPlatforms) = preSolution
		Debug|Any CPU = Debug|Any CPU
		Release|Any CPU = Release|Any CPU
	EndGlobalSection
	GlobalSection(ProjectConfigurationPlatforms) = postSolution
		{8EF42217-6164-41A1-8560-0DB4A45B6725}.Debug|Any CPU.ActiveCfg = Debug|Any CPU
		{8EF42217-6164-41A1-8560-0DB4A45B6725}.Debug|Any CPU.Build.0 = Debug|Any CPU
		{8EF42217-6164-41A1-8560-0DB4A45B6725}.Release|Any CPU.ActiveCfg = Release|Any CPU
		{8EF42217-6164-41A1-8560-0DB4A45B6725}.Release|Any CPU.Build.0 = Release|Any CPU
		{B37DED19-E9D4-46D1-B8AA-A1A70C3B98BD}.Debug|Any CPU.ActiveCfg = Debug|Any CPU
		{B37DED19-E9D4-46D1-B8AA-A1A70C3B98BD}.Debug|Any CPU.Build.0 = Debug|Any CPU
		{B37DED19-E9D4-46D1-B8AA-A1A70C3B98BD}.Release|Any CPU.ActiveCfg = Release|Any CPU
		{B37DED19-E9D4-46D1-B8AA-A1A70C3B98BD}.Release|Any CPU.Build.0 = Release|Any CPU
	EndGlobalSection
	GlobalSection(SolutionProperties) = preSolution
		HideSolutionNode = FALSE
	EndGlobalSection
EndGlobal
